
Microsoft Visual Studio Solution File, Format Version 11.00
# Visual Studio 2010
Project("{FAE04EC0-301F-11D3-BF4B-00C04F79EFBC}") = "IOTools", "IOTools\IOTools.csproj", "{F584D2DB-FD38-46A3-B096-AC1AF40F9C91}"
EndProject
Project("{FAE04EC0-301F-11D3-BF4B-00C04F79EFBC}") = "LittleHelpers", "..\LittleHelpers\LittleHelpers\LittleHelpers.csproj", "{27D07BB8-82EA-4137-A465-FC2AF060068F}"
EndProject
Global
	GlobalSection(SolutionConfigurationPlatforms) = preSolution
		Debug|Any CPU = Debug|Any CPU
		Release|Any CPU = Release|Any CPU
	EndGlobalSection
	GlobalSection(ProjectConfigurationPlatforms) = postSolution
		{F584D2DB-FD38-46A3-B096-AC1AF40F9C91}.Debug|Any CPU.ActiveCfg = Debug|Any CPU
		{F584D2DB-FD38-46A3-B096-AC1AF40F9C91}.Debug|Any CPU.Build.0 = Debug|Any CPU
		{F584D2DB-FD38-46A3-B096-AC1AF40F9C91}.Release|Any CPU.ActiveCfg = Release|Any CPU
		{F584D2DB-FD38-46A3-B096-AC1AF40F9C91}.Release|Any CPU.Build.0 = Release|Any CPU
		{27D07BB8-82EA-4137-A465-FC2AF060068F}.Debug|Any CPU.ActiveCfg = Debug|Any CPU
		{27D07BB8-82EA-4137-A465-FC2AF060068F}.Debug|Any CPU.Build.0 = Debug|Any CPU
		{27D07BB8-82EA-4137-A465-FC2AF060068F}.Release|Any CPU.ActiveCfg = Release|Any CPU
		{27D07BB8-82EA-4137-A465-FC2AF060068F}.Release|Any CPU.Build.0 = Release|Any CPU
	EndGlobalSection
	GlobalSection(SolutionProperties) = preSolution
		HideSolutionNode = FALSE
	EndGlobalSection
	GlobalSection(ExtensibilityGlobals) = postSolution
		VisualSVNWorkingCopyRoot = .
	EndGlobalSection
EndGlobal
