
Microsoft Visual Studio Solution File, Format Version 12.00
# Visual Studio 2012
Project("{FAE04EC0-301F-11D3-BF4B-00C04F79EFBC}") = "LittleHelpers", "LittleHelpers\LittleHelpers.csproj", "{27D07BB8-82EA-4137-A465-FC2AF060068F}"
EndProject
Project("{FAE04EC0-301F-11D3-BF4B-00C04F79EFBC}") = "test_littleHelpers_CSVReader", "test_littleHelpers\test_littleHelpers_CSVReader.csproj", "{70F07A7B-C0F7-41CF-9BF4-BEB5E192C91E}"
EndProject
Project("{FAE04EC0-301F-11D3-BF4B-00C04F79EFBC}") = "Excel CSV Importer and Writer Add-In", "CSV Importer and Writer Add-In\Excel CSV Importer and Writer Add-In.csproj", "{89F14641-B9E0-4A52-A595-4D9505633803}"
EndProject
Project("{FAE04EC0-301F-11D3-BF4B-00C04F79EFBC}") = "test_LittleHelpers_DiverseFunctions", "test_LittleHelpers_DiverseFunctions\test_LittleHelpers_DiverseFunctions.csproj", "{5A8D962E-2EC4-42D0-9A8E-101C092BB73F}"
EndProject
Global
	GlobalSection(SolutionConfigurationPlatforms) = preSolution
		Debug|Any CPU = Debug|Any CPU
		Debug|Mixed Platforms = Debug|Mixed Platforms
		Debug|x86 = Debug|x86
		Release|Any CPU = Release|Any CPU
		Release|Mixed Platforms = Release|Mixed Platforms
		Release|x86 = Release|x86
	EndGlobalSection
	GlobalSection(ProjectConfigurationPlatforms) = postSolution
		{27D07BB8-82EA-4137-A465-FC2AF060068F}.Debug|Any CPU.ActiveCfg = Debug|Any CPU
		{27D07BB8-82EA-4137-A465-FC2AF060068F}.Debug|Any CPU.Build.0 = Debug|Any CPU
		{27D07BB8-82EA-4137-A465-FC2AF060068F}.Debug|Mixed Platforms.ActiveCfg = Debug|Any CPU
		{27D07BB8-82EA-4137-A465-FC2AF060068F}.Debug|Mixed Platforms.Build.0 = Debug|Any CPU
		{27D07BB8-82EA-4137-A465-FC2AF060068F}.Debug|x86.ActiveCfg = Debug|Any CPU
		{27D07BB8-82EA-4137-A465-FC2AF060068F}.Release|Any CPU.ActiveCfg = Release|Any CPU
		{27D07BB8-82EA-4137-A465-FC2AF060068F}.Release|Any CPU.Build.0 = Release|Any CPU
		{27D07BB8-82EA-4137-A465-FC2AF060068F}.Release|Mixed Platforms.ActiveCfg = Release|Any CPU
		{27D07BB8-82EA-4137-A465-FC2AF060068F}.Release|Mixed Platforms.Build.0 = Release|Any CPU
		{27D07BB8-82EA-4137-A465-FC2AF060068F}.Release|x86.ActiveCfg = Release|Any CPU
		{70F07A7B-C0F7-41CF-9BF4-BEB5E192C91E}.Debug|Any CPU.ActiveCfg = Debug|Any CPU
		{70F07A7B-C0F7-41CF-9BF4-BEB5E192C91E}.Debug|Any CPU.Build.0 = Debug|Any CPU
		{70F07A7B-C0F7-41CF-9BF4-BEB5E192C91E}.Debug|Mixed Platforms.ActiveCfg = Debug|Any CPU
		{70F07A7B-C0F7-41CF-9BF4-BEB5E192C91E}.Debug|Mixed Platforms.Build.0 = Debug|Any CPU
		{70F07A7B-C0F7-41CF-9BF4-BEB5E192C91E}.Debug|x86.ActiveCfg = Debug|Any CPU
		{70F07A7B-C0F7-41CF-9BF4-BEB5E192C91E}.Release|Any CPU.ActiveCfg = Release|Any CPU
		{70F07A7B-C0F7-41CF-9BF4-BEB5E192C91E}.Release|Any CPU.Build.0 = Release|Any CPU
		{70F07A7B-C0F7-41CF-9BF4-BEB5E192C91E}.Release|Mixed Platforms.ActiveCfg = Release|Any CPU
		{70F07A7B-C0F7-41CF-9BF4-BEB5E192C91E}.Release|Mixed Platforms.Build.0 = Release|Any CPU
		{70F07A7B-C0F7-41CF-9BF4-BEB5E192C91E}.Release|x86.ActiveCfg = Release|Any CPU
		{89F14641-B9E0-4A52-A595-4D9505633803}.Debug|Any CPU.ActiveCfg = Debug|Any CPU
		{89F14641-B9E0-4A52-A595-4D9505633803}.Debug|Any CPU.Build.0 = Debug|Any CPU
		{89F14641-B9E0-4A52-A595-4D9505633803}.Debug|Mixed Platforms.ActiveCfg = Debug|Any CPU
		{89F14641-B9E0-4A52-A595-4D9505633803}.Debug|Mixed Platforms.Build.0 = Debug|Any CPU
		{89F14641-B9E0-4A52-A595-4D9505633803}.Debug|x86.ActiveCfg = Debug|Any CPU
		{89F14641-B9E0-4A52-A595-4D9505633803}.Release|Any CPU.ActiveCfg = Release|Any CPU
		{89F14641-B9E0-4A52-A595-4D9505633803}.Release|Any CPU.Build.0 = Release|Any CPU
		{89F14641-B9E0-4A52-A595-4D9505633803}.Release|Mixed Platforms.ActiveCfg = Release|Any CPU
		{89F14641-B9E0-4A52-A595-4D9505633803}.Release|Mixed Platforms.Build.0 = Release|Any CPU
		{89F14641-B9E0-4A52-A595-4D9505633803}.Release|x86.ActiveCfg = Release|Any CPU
		{5A8D962E-2EC4-42D0-9A8E-101C092BB73F}.Debug|Any CPU.ActiveCfg = Debug|x86
		{5A8D962E-2EC4-42D0-9A8E-101C092BB73F}.Debug|Mixed Platforms.ActiveCfg = Debug|x86
		{5A8D962E-2EC4-42D0-9A8E-101C092BB73F}.Debug|Mixed Platforms.Build.0 = Debug|x86
		{5A8D962E-2EC4-42D0-9A8E-101C092BB73F}.Debug|x86.ActiveCfg = Debug|x86
		{5A8D962E-2EC4-42D0-9A8E-101C092BB73F}.Debug|x86.Build.0 = Debug|x86
		{5A8D962E-2EC4-42D0-9A8E-101C092BB73F}.Release|Any CPU.ActiveCfg = Release|x86
		{5A8D962E-2EC4-42D0-9A8E-101C092BB73F}.Release|Mixed Platforms.ActiveCfg = Release|x86
		{5A8D962E-2EC4-42D0-9A8E-101C092BB73F}.Release|Mixed Platforms.Build.0 = Release|x86
		{5A8D962E-2EC4-42D0-9A8E-101C092BB73F}.Release|x86.ActiveCfg = Release|x86
		{5A8D962E-2EC4-42D0-9A8E-101C092BB73F}.Release|x86.Build.0 = Release|x86
	EndGlobalSection
	GlobalSection(SolutionProperties) = preSolution
		HideSolutionNode = FALSE
	EndGlobalSection
	GlobalSection(ExtensibilityGlobals) = postSolution
		VisualSVNWorkingCopyRoot = .
	EndGlobalSection
EndGlobal
